
Microsoft Visual Studio Solution File, Format Version 12.00
# Visual Studio Version 16
VisualStudioVersion = 16.0.30002.166
MinimumVisualStudioVersion = 10.0.40219.1
Project("{FAE04EC0-301F-11D3-BF4B-00C04F79EFBC}") = "CriticalThinking", "CriticalThinking\CriticalThinking.csproj", "{8549ABF1-8CC5-48DD-87F0-D7645C4D42B9}"
EndProject
Global
	GlobalSection(SolutionConfigurationPlatforms) = preSolution
		Debug|Any CPU = Debug|Any CPU
		Release|Any CPU = Release|Any CPU
	EndGlobalSection
	GlobalSection(ProjectConfigurationPlatforms) = postSolution
		{8549ABF1-8CC5-48DD-87F0-D7645C4D42B9}.Debug|Any CPU.ActiveCfg = Debug|Any CPU
		{8549ABF1-8CC5-48DD-87F0-D7645C4D42B9}.Debug|Any CPU.Build.0 = Debug|Any CPU
		{8549ABF1-8CC5-48DD-87F0-D7645C4D42B9}.Release|Any CPU.ActiveCfg = Release|Any CPU
		{8549ABF1-8CC5-48DD-87F0-D7645C4D42B9}.Release|Any CPU.Build.0 = Release|Any CPU
	EndGlobalSection
	GlobalSection(SolutionProperties) = preSolution
		HideSolutionNode = FALSE
	EndGlobalSection
	GlobalSection(ExtensibilityGlobals) = postSolution
		SolutionGuid = {03755DAA-A8EA-40A8-A3BA-091B327B8426}
	EndGlobalSection
EndGlobal
